
Microsoft Visual Studio Solution File, Format Version 12.00
# Visual Studio Version 17
VisualStudioVersion = 17.0.31815.197
MinimumVisualStudioVersion = 10.0.40219.1
Project("{FAE04EC0-301F-11D3-BF4B-00C04F79EFBC}") = "CodeVeinOutfitInjector", "CodeVeinOutfitInjector\CodeVeinOutfitInjector.csproj", "{999C4DCA-21C4-4B6E-9385-AA45F70A27EF}"
EndProject
Global
	GlobalSection(SolutionConfigurationPlatforms) = preSolution
		Debug|Any CPU = Debug|Any CPU
		Release|Any CPU = Release|Any CPU
	EndGlobalSection
	GlobalSection(ProjectConfigurationPlatforms) = postSolution
		{999C4DCA-21C4-4B6E-9385-AA45F70A27EF}.Debug|Any CPU.ActiveCfg = Debug|Any CPU
		{999C4DCA-21C4-4B6E-9385-AA45F70A27EF}.Debug|Any CPU.Build.0 = Debug|Any CPU
		{999C4DCA-21C4-4B6E-9385-AA45F70A27EF}.Release|Any CPU.ActiveCfg = Release|Any CPU
		{999C4DCA-21C4-4B6E-9385-AA45F70A27EF}.Release|Any CPU.Build.0 = Release|Any CPU
	EndGlobalSection
	GlobalSection(SolutionProperties) = preSolution
		HideSolutionNode = FALSE
	EndGlobalSection
	GlobalSection(ExtensibilityGlobals) = postSolution
		SolutionGuid = {BC8E38A3-E30A-401D-982F-9DD2BED60B78}
	EndGlobalSection
EndGlobal
